
Microsoft Visual Studio Solution File, Format Version 12.00
# Visual Studio Version 16
VisualStudioVersion = 16.0.30517.126
MinimumVisualStudioVersion = 10.0.40219.1
Project("{FAE04EC0-301F-11D3-BF4B-00C04F79EFBC}") = "FridayWorkWithFiles", "FridayWorkWithFiles\FridayWorkWithFiles.csproj", "{3E81E237-371E-4568-BB55-D04587AADFE6}"
EndProject
Global
	GlobalSection(SolutionConfigurationPlatforms) = preSolution
		Debug|Any CPU = Debug|Any CPU
		Release|Any CPU = Release|Any CPU
	EndGlobalSection
	GlobalSection(ProjectConfigurationPlatforms) = postSolution
		{3E81E237-371E-4568-BB55-D04587AADFE6}.Debug|Any CPU.ActiveCfg = Debug|Any CPU
		{3E81E237-371E-4568-BB55-D04587AADFE6}.Debug|Any CPU.Build.0 = Debug|Any CPU
		{3E81E237-371E-4568-BB55-D04587AADFE6}.Release|Any CPU.ActiveCfg = Release|Any CPU
		{3E81E237-371E-4568-BB55-D04587AADFE6}.Release|Any CPU.Build.0 = Release|Any CPU
	EndGlobalSection
	GlobalSection(SolutionProperties) = preSolution
		HideSolutionNode = FALSE
	EndGlobalSection
	GlobalSection(ExtensibilityGlobals) = postSolution
		SolutionGuid = {CBE5339B-599B-4028-8F56-5E70253A3A3C}
	EndGlobalSection
EndGlobal
